
Microsoft Visual Studio Solution File, Format Version 12.00
# Visual Studio Version 17
VisualStudioVersion = 17.8.34316.72
MinimumVisualStudioVersion = 10.0.40219.1
Project("{FAE04EC0-301F-11D3-BF4B-00C04F79EFBC}") = "Healthcare.API", "Healthcare.API.csproj", "{F10D9965-61D6-47A2-88A4-9F4A32E7B04A}"
EndProject
Global
	GlobalSection(SolutionConfigurationPlatforms) = preSolution
		Debug|Any CPU = Debug|Any CPU
		Release|Any CPU = Release|Any CPU
	EndGlobalSection
	GlobalSection(ProjectConfigurationPlatforms) = postSolution
		{F10D9965-61D6-47A2-88A4-9F4A32E7B04A}.Debug|Any CPU.ActiveCfg = Debug|Any CPU
		{F10D9965-61D6-47A2-88A4-9F4A32E7B04A}.Debug|Any CPU.Build.0 = Debug|Any CPU
		{F10D9965-61D6-47A2-88A4-9F4A32E7B04A}.Release|Any CPU.ActiveCfg = Release|Any CPU
		{F10D9965-61D6-47A2-88A4-9F4A32E7B04A}.Release|Any CPU.Build.0 = Release|Any CPU
	EndGlobalSection
	GlobalSection(SolutionProperties) = preSolution
		HideSolutionNode = FALSE
	EndGlobalSection
	GlobalSection(ExtensibilityGlobals) = postSolution
		SolutionGuid = {94A844DF-D85A-40B4-B639-2896F2759ABC}
	EndGlobalSection
EndGlobal
